{
  "name": "groupproject",
  "version": "1.0.0",
  "lockfileVersion": 1,
  "requires": true,
  "dependencies": {
    "amadeus": {
      "version": "5.6.1",
      "resolved": "https://registry.npmjs.org/amadeus/-/amadeus-5.6.1.tgz",
      "integrity": "sha512-7tuzrt78XLSgFHu5v9UkqLsbBnmdOzzjdkWSZ4HXQBfISwtoC3kjNlgNuSvuO1XzkUzlwQu31J98U1FwzefLHg==",
      "requires": {
        "bluebird": "^3.5.1",
        "qs": "^6.9.1"
      }
    },
    "bluebird": {
      "version": "3.7.2",
      "resolved": "https://registry.npmjs.org/bluebird/-/bluebird-3.7.2.tgz",
      "integrity": "sha512-XpNj6GDQzdfW+r2Wnn7xiSAd7TM3jzkxGXBGTtWKuSXv1xUV+azxAm8jdWZN06QTQk+2N2XB9jRDkvbmQmcRtg=="
    },
    "qs": {
      "version": "6.9.6",
      "resolved": "https://registry.npmjs.org/qs/-/qs-6.9.6.tgz",
      "integrity": "sha512-TIRk4aqYLNoJUbd+g2lEdz5kLWIuTMRagAXxl78Q0RiVjAOugHmeKNGdd3cwo/ktpf9aL9epCfFqWDEKysUlLQ=="
    }
  }
}
